
Microsoft Visual Studio Solution File, Format Version 12.00
# Visual Studio Version 17
VisualStudioVersion = 17.10.35027.167
MinimumVisualStudioVersion = 10.0.40219.1
Project("{FAE04EC0-301F-11D3-BF4B-00C04F79EFBC}") = "Ispit.Model", "Ispit.Model\Ispit.Model.csproj", "{B999074F-D882-47C9-85A2-F0E45BDF6B56}"
EndProject
Global
	GlobalSection(SolutionConfigurationPlatforms) = preSolution
		Debug|Any CPU = Debug|Any CPU
		Release|Any CPU = Release|Any CPU
	EndGlobalSection
	GlobalSection(ProjectConfigurationPlatforms) = postSolution
		{B999074F-D882-47C9-85A2-F0E45BDF6B56}.Debug|Any CPU.ActiveCfg = Debug|Any CPU
		{B999074F-D882-47C9-85A2-F0E45BDF6B56}.Debug|Any CPU.Build.0 = Debug|Any CPU
		{B999074F-D882-47C9-85A2-F0E45BDF6B56}.Release|Any CPU.ActiveCfg = Release|Any CPU
		{B999074F-D882-47C9-85A2-F0E45BDF6B56}.Release|Any CPU.Build.0 = Release|Any CPU
	EndGlobalSection
	GlobalSection(SolutionProperties) = preSolution
		HideSolutionNode = FALSE
	EndGlobalSection
	GlobalSection(ExtensibilityGlobals) = postSolution
		SolutionGuid = {C95D92B7-CF4A-4919-BEC6-E8E1F2B0F274}
	EndGlobalSection
EndGlobal
